
Microsoft Visual Studio Solution File, Format Version 12.00
# Visual Studio Version 17
VisualStudioVersion = 17.11.35327.3
MinimumVisualStudioVersion = 10.0.40219.1
Project("{FAE04EC0-301F-11D3-BF4B-00C04F79EFBC}") = "saperProj", "saperProj\saperProj.csproj", "{308DD902-007F-439E-8171-FBB2670537D5}"
EndProject
Global
	GlobalSection(SolutionConfigurationPlatforms) = preSolution
		Debug|Any CPU = Debug|Any CPU
		Release|Any CPU = Release|Any CPU
	EndGlobalSection
	GlobalSection(ProjectConfigurationPlatforms) = postSolution
		{308DD902-007F-439E-8171-FBB2670537D5}.Debug|Any CPU.ActiveCfg = Debug|Any CPU
		{308DD902-007F-439E-8171-FBB2670537D5}.Debug|Any CPU.Build.0 = Debug|Any CPU
		{308DD902-007F-439E-8171-FBB2670537D5}.Release|Any CPU.ActiveCfg = Release|Any CPU
		{308DD902-007F-439E-8171-FBB2670537D5}.Release|Any CPU.Build.0 = Release|Any CPU
	EndGlobalSection
	GlobalSection(SolutionProperties) = preSolution
		HideSolutionNode = FALSE
	EndGlobalSection
	GlobalSection(ExtensibilityGlobals) = postSolution
		SolutionGuid = {FADFEBF7-361F-4B0D-9D21-C32C925EED91}
	EndGlobalSection
EndGlobal
